// !$*UTF8*$!
{
	archiveVersion = 1;
	classes = {
	};
	objectVersion = 56;
	objects = {

/* Begin PBXBuildFile section */
		0530C36E2C19DF620011B066 /* SuperHeroSearcher.swift in Sources */ = {isa = PBXBuildFile; fileRef = 0530C36D2C19DF620011B066 /* SuperHeroSearcher.swift */; };
		0530C3702C1A1E8D0011B066 /* ApiNetwork.swift in Sources */ = {isa = PBXBuildFile; fileRef = 0530C36F2C1A1E8D0011B066 /* ApiNetwork.swift */; };
		05405A852C18B59000AE6733 /* MenuView.swift in Sources */ = {isa = PBXBuildFile; fileRef = 05405A842C18B59000AE6733 /* MenuView.swift */; };
		05405A882C18B88B00AE6733 /* IMCView.swift in Sources */ = {isa = PBXBuildFile; fileRef = 05405A872C18B88B00AE6733 /* IMCView.swift */; };
		05582DDF2C175BBC00E2C6A4 /* CursoIOSApp.swift in Sources */ = {isa = PBXBuildFile; fileRef = 05582DDE2C175BBC00E2C6A4 /* CursoIOSApp.swift */; };
		05582DE12C175BBC00E2C6A4 /* MainView.swift in Sources */ = {isa = PBXBuildFile; fileRef = 05582DE02C175BBC00E2C6A4 /* MainView.swift */; };
		05582DE32C175BC400E2C6A4 /* Assets.xcassets in Resources */ = {isa = PBXBuildFile; fileRef = 05582DE22C175BC400E2C6A4 /* Assets.xcassets */; };
		05582DE62C175BC400E2C6A4 /* Preview Assets.xcassets in Resources */ = {isa = PBXBuildFile; fileRef = 05582DE52C175BC400E2C6A4 /* Preview Assets.xcassets */; };
		05A280F22C1991E700AFCB60 /* IMCResult.swift in Sources */ = {isa = PBXBuildFile; fileRef = 05A280F12C1991E700AFCB60 /* IMCResult.swift */; };
		05A45F002C1AFDA0005FD606 /* SDWebImageSwiftUI in Frameworks */ = {isa = PBXBuildFile; productRef = 05A45EFF2C1AFDA0005FD606 /* SDWebImageSwiftUI */; };
		05A45F022C1B0D7D005FD606 /* SuperHeroDetail.swift in Sources */ = {isa = PBXBuildFile; fileRef = 05A45F012C1B0D7D005FD606 /* SuperHeroDetail.swift */; };
		05A739252C1B62E100930A88 /* LoginViewModel.swift in Sources */ = {isa = PBXBuildFile; fileRef = 05A739242C1B62E100930A88 /* LoginViewModel.swift */; };
		05A7392A2C1B641300930A88 /* ApiClient.swift in Sources */ = {isa = PBXBuildFile; fileRef = 05A739292C1B641300930A88 /* ApiClient.swift */; };
		05A7392C2C1B64D400930A88 /* UserModel.swift in Sources */ = {isa = PBXBuildFile; fileRef = 05A7392B2C1B64D400930A88 /* UserModel.swift */; };
/* End PBXBuildFile section */

/* Begin PBXFileReference section */
		0530C36D2C19DF620011B066 /* SuperHeroSearcher.swift */ = {isa = PBXFileReference; lastKnownFileType = sourcecode.swift; path = SuperHeroSearcher.swift; sourceTree = "<group>"; };
		0530C36F2C1A1E8D0011B066 /* ApiNetwork.swift */ = {isa = PBXFileReference; lastKnownFileType = sourcecode.swift; path = ApiNetwork.swift; sourceTree = "<group>"; };
		05405A842C18B59000AE6733 /* MenuView.swift */ = {isa = PBXFileReference; lastKnownFileType = sourcecode.swift; path = MenuView.swift; sourceTree = "<group>"; };
		05405A872C18B88B00AE6733 /* IMCView.swift */ = {isa = PBXFileReference; lastKnownFileType = sourcecode.swift; path = IMCView.swift; sourceTree = "<group>"; };
		05582DDB2C175BB900E2C6A4 /* CursoIOS.app */ = {isa = PBXFileReference; explicitFileType = wrapper.application; includeInIndex = 0; path = CursoIOS.app; sourceTree = BUILT_PRODUCTS_DIR; };
		05582DDE2C175BBC00E2C6A4 /* CursoIOSApp.swift */ = {isa = PBXFileReference; lastKnownFileType = sourcecode.swift; path = CursoIOSApp.swift; sourceTree = "<group>"; };
		05582DE02C175BBC00E2C6A4 /* MainView.swift */ = {isa = PBXFileReference; lastKnownFileType = sourcecode.swift; path = MainView.swift; sourceTree = "<group>"; };
		05582DE22C175BC400E2C6A4 /* Assets.xcassets */ = {isa = PBXFileReference; lastKnownFileType = folder.assetcatalog; path = Assets.xcassets; sourceTree = "<group>"; };
		05582DE52C175BC400E2C6A4 /* Preview Assets.xcassets */ = {isa = PBXFileReference; lastKnownFileType = folder.assetcatalog; path = "Preview Assets.xcassets"; sourceTree = "<group>"; };
		05A280F12C1991E700AFCB60 /* IMCResult.swift */ = {isa = PBXFileReference; lastKnownFileType = sourcecode.swift; path = IMCResult.swift; sourceTree = "<group>"; };
		05A45F012C1B0D7D005FD606 /* SuperHeroDetail.swift */ = {isa = PBXFileReference; lastKnownFileType = sourcecode.swift; path = SuperHeroDetail.swift; sourceTree = "<group>"; };
		05A739242C1B62E100930A88 /* LoginViewModel.swift */ = {isa = PBXFileReference; lastKnownFileType = sourcecode.swift; path = LoginViewModel.swift; sourceTree = "<group>"; };
		05A739292C1B641300930A88 /* ApiClient.swift */ = {isa = PBXFileReference; lastKnownFileType = sourcecode.swift; path = ApiClient.swift; sourceTree = "<group>"; };
		05A7392B2C1B64D400930A88 /* UserModel.swift */ = {isa = PBXFileReference; lastKnownFileType = sourcecode.swift; path = UserModel.swift; sourceTree = "<group>"; };
/* End PBXFileReference section */

/* Begin PBXFrameworksBuildPhase section */
		05582DD82C175BB900E2C6A4 /* Frameworks */ = {
			isa = PBXFrameworksBuildPhase;
			buildActionMask = 2147483647;
			files = (
				05A45F002C1AFDA0005FD606 /* SDWebImageSwiftUI in Frameworks */,
			);
			runOnlyForDeploymentPostprocessing = 0;
		};
/* End PBXFrameworksBuildPhase section */

/* Begin PBXGroup section */
		0530C36C2C19DF3E0011B066 /* SuperHero */ = {
			isa = PBXGroup;
			children = (
				05A45EF72C1AF5A5005FD606 /* Core */,
				05A45EF82C1AF5B5005FD606 /* Data */,
				05A45EF92C1AF5C2005FD606 /* Di */,
				05A45EFA2C1AF5CD005FD606 /* Domain */,
				05A45EFB2C1AF5DA005FD606 /* Ui */,
			);
			path = SuperHero;
			sourceTree = "<group>";
		};
		05405A862C18B86C00AE6733 /* IMC */ = {
			isa = PBXGroup;
			children = (
				05405A872C18B88B00AE6733 /* IMCView.swift */,
				05A280F12C1991E700AFCB60 /* IMCResult.swift */,
			);
			path = IMC;
			sourceTree = "<group>";
		};
		05582DD22C175BB900E2C6A4 = {
			isa = PBXGroup;
			children = (
				05582DDD2C175BB900E2C6A4 /* CursoIOS */,
				05582DDC2C175BB900E2C6A4 /* Products */,
			);
			sourceTree = "<group>";
		};
		05582DDC2C175BB900E2C6A4 /* Products */ = {
			isa = PBXGroup;
			children = (
				05582DDB2C175BB900E2C6A4 /* CursoIOS.app */,
			);
			name = Products;
			sourceTree = "<group>";
		};
		05582DDD2C175BB900E2C6A4 /* CursoIOS */ = {
			isa = PBXGroup;
			children = (
				05A739232C1B614C00930A88 /* LoginScreen */,
				0530C36C2C19DF3E0011B066 /* SuperHero */,
				05405A862C18B86C00AE6733 /* IMC */,
				05582DDE2C175BBC00E2C6A4 /* CursoIOSApp.swift */,
				05582DE02C175BBC00E2C6A4 /* MainView.swift */,
				05405A842C18B59000AE6733 /* MenuView.swift */,
				05582DE22C175BC400E2C6A4 /* Assets.xcassets */,
				05582DE42C175BC400E2C6A4 /* Preview Content */,
			);
			path = CursoIOS;
			sourceTree = "<group>";
		};
		05582DE42C175BC400E2C6A4 /* Preview Content */ = {
			isa = PBXGroup;
			children = (
				05582DE52C175BC400E2C6A4 /* Preview Assets.xcassets */,
			);
			path = "Preview Content";
			sourceTree = "<group>";
		};
		05A45EF72C1AF5A5005FD606 /* Core */ = {
			isa = PBXGroup;
			children = (
			);
			path = Core;
			sourceTree = "<group>";
		};
		05A45EF82C1AF5B5005FD606 /* Data */ = {
			isa = PBXGroup;
			children = (
				0530C36F2C1A1E8D0011B066 /* ApiNetwork.swift */,
			);
			path = Data;
			sourceTree = "<group>";
		};
		05A45EF92C1AF5C2005FD606 /* Di */ = {
			isa = PBXGroup;
			children = (
			);
			path = Di;
			sourceTree = "<group>";
		};
		05A45EFA2C1AF5CD005FD606 /* Domain */ = {
			isa = PBXGroup;
			children = (
			);
			path = Domain;
			sourceTree = "<group>";
		};
		05A45EFB2C1AF5DA005FD606 /* Ui */ = {
			isa = PBXGroup;
			children = (
				05A45EFD2C1AF601005FD606 /* Screens */,
				05A45EFC2C1AF5F5005FD606 /* Data */,
			);
			path = Ui;
			sourceTree = "<group>";
		};
		05A45EFC2C1AF5F5005FD606 /* Data */ = {
			isa = PBXGroup;
			children = (
			);
			path = Data;
			sourceTree = "<group>";
		};
		05A45EFD2C1AF601005FD606 /* Screens */ = {
			isa = PBXGroup;
			children = (
				0530C36D2C19DF620011B066 /* SuperHeroSearcher.swift */,
				05A45F012C1B0D7D005FD606 /* SuperHeroDetail.swift */,
			);
			path = Screens;
			sourceTree = "<group>";
		};
		05A739232C1B614C00930A88 /* LoginScreen */ = {
			isa = PBXGroup;
			children = (
				05A739272C1B631500930A88 /* Data */,
				05A739262C1B62FD00930A88 /* Ui */,
			);
			path = LoginScreen;
			sourceTree = "<group>";
		};
		05A739262C1B62FD00930A88 /* Ui */ = {
			isa = PBXGroup;
			children = (
				05A739282C1B632A00930A88 /* Screens */,
			);
			path = Ui;
			sourceTree = "<group>";
		};
		05A739272C1B631500930A88 /* Data */ = {
			isa = PBXGroup;
			children = (
				05A739292C1B641300930A88 /* ApiClient.swift */,
				05A7392B2C1B64D400930A88 /* UserModel.swift */,
			);
			path = Data;
			sourceTree = "<group>";
		};
		05A739282C1B632A00930A88 /* Screens */ = {
			isa = PBXGroup;
			children = (
				05A739242C1B62E100930A88 /* LoginViewModel.swift */,
			);
			path = Screens;
			sourceTree = "<group>";
		};
/* End PBXGroup section */

/* Begin PBXNativeTarget section */
		05582DDA2C175BB900E2C6A4 /* CursoIOS */ = {
			isa = PBXNativeTarget;
			buildConfigurationList = 05582DE92C175BC400E2C6A4 /* Build configuration list for PBXNativeTarget "CursoIOS" */;
			buildPhases = (
				05582DD72C175BB900E2C6A4 /* Sources */,
				05582DD82C175BB900E2C6A4 /* Frameworks */,
				05582DD92C175BB900E2C6A4 /* Resources */,
			);
			buildRules = (
			);
			dependencies = (
			);
			name = CursoIOS;
			packageProductDependencies = (
				05A45EFF2C1AFDA0005FD606 /* SDWebImageSwiftUI */,
			);
			productName = CursoIOS;
			productReference = 05582DDB2C175BB900E2C6A4 /* CursoIOS.app */;
			productType = "com.apple.product-type.application";
		};
/* End PBXNativeTarget section */

/* Begin PBXProject section */
		05582DD32C175BB900E2C6A4 /* Project object */ = {
			isa = PBXProject;
			attributes = {
				BuildIndependentTargetsInParallel = 1;
				LastSwiftUpdateCheck = 1540;
				LastUpgradeCheck = 1540;
				TargetAttributes = {
					05582DDA2C175BB900E2C6A4 = {
						CreatedOnToolsVersion = 15.4;
					};
				};
			};
			buildConfigurationList = 05582DD62C175BB900E2C6A4 /* Build configuration list for PBXProject "CursoIOS" */;
			compatibilityVersion = "Xcode 14.0";
			developmentRegion = en;
			hasScannedForEncodings = 0;
			knownRegions = (
				en,
				Base,
			);
			mainGroup = 05582DD22C175BB900E2C6A4;
			packageReferences = (
				05A45EFE2C1AFDA0005FD606 /* XCRemoteSwiftPackageReference "SDWebImageSwiftUI" */,
			);
			productRefGroup = 05582DDC2C175BB900E2C6A4 /* Products */;
			projectDirPath = "";
			projectRoot = "";
			targets = (
				05582DDA2C175BB900E2C6A4 /* CursoIOS */,
			);
		};
/* End PBXProject section */

/* Begin PBXResourcesBuildPhase section */
		05582DD92C175BB900E2C6A4 /* Resources */ = {
			isa = PBXResourcesBuildPhase;
			buildActionMask = 2147483647;
			files = (
				05582DE62C175BC400E2C6A4 /* Preview Assets.xcassets in Resources */,
				05582DE32C175BC400E2C6A4 /* Assets.xcassets in Resources */,
			);
			runOnlyForDeploymentPostprocessing = 0;
		};
/* End PBXResourcesBuildPhase section */

/* Begin PBXSourcesBuildPhase section */
		05582DD72C175BB900E2C6A4 /* Sources */ = {
			isa = PBXSourcesBuildPhase;
			buildActionMask = 2147483647;
			files = (
				05A45F022C1B0D7D005FD606 /* SuperHeroDetail.swift in Sources */,
				05405A882C18B88B00AE6733 /* IMCView.swift in Sources */,
				05582DE12C175BBC00E2C6A4 /* MainView.swift in Sources */,
				05A280F22C1991E700AFCB60 /* IMCResult.swift in Sources */,
				05405A852C18B59000AE6733 /* MenuView.swift in Sources */,
				0530C36E2C19DF620011B066 /* SuperHeroSearcher.swift in Sources */,
				05582DDF2C175BBC00E2C6A4 /* CursoIOSApp.swift in Sources */,
				0530C3702C1A1E8D0011B066 /* ApiNetwork.swift in Sources */,
				05A739252C1B62E100930A88 /* LoginViewModel.swift in Sources */,
				05A7392A2C1B641300930A88 /* ApiClient.swift in Sources */,
				05A7392C2C1B64D400930A88 /* UserModel.swift in Sources */,
			);
			runOnlyForDeploymentPostprocessing = 0;
		};
/* End PBXSourcesBuildPhase section */

/* Begin XCBuildConfiguration section */
		05582DE72C175BC400E2C6A4 /* Debug */ = {
			isa = XCBuildConfiguration;
			buildSettings = {
				ALWAYS_SEARCH_USER_PATHS = NO;
				ASSETCATALOG_COMPILER_GENERATE_SWIFT_ASSET_SYMBOL_EXTENSIONS = YES;
				CLANG_ANALYZER_NONNULL = YES;
				CLANG_ANALYZER_NUMBER_OBJECT_CONVERSION = YES_AGGRESSIVE;
				CLANG_CXX_LANGUAGE_STANDARD = "gnu++20";
				CLANG_ENABLE_MODULES = YES;
				CLANG_ENABLE_OBJC_ARC = YES;
				CLANG_ENABLE_OBJC_WEAK = YES;
				CLANG_WARN_BLOCK_CAPTURE_AUTORELEASING = YES;
				CLANG_WARN_BOOL_CONVERSION = YES;
				CLANG_WARN_COMMA = YES;
				CLANG_WARN_CONSTANT_CONVERSION = YES;
				CLANG_WARN_DEPRECATED_OBJC_IMPLEMENTATIONS = YES;
				CLANG_WARN_DIRECT_OBJC_ISA_USAGE = YES_ERROR;
				CLANG_WARN_DOCUMENTATION_COMMENTS = YES;
				CLANG_WARN_EMPTY_BODY = YES;
				CLANG_WARN_ENUM_CONVERSION = YES;
				CLANG_WARN_INFINITE_RECURSION = YES;
				CLANG_WARN_INT_CONVERSION = YES;
				CLANG_WARN_NON_LITERAL_NULL_CONVERSION = YES;
				CLANG_WARN_OBJC_IMPLICIT_RETAIN_SELF = YES;
				CLANG_WARN_OBJC_LITERAL_CONVERSION = YES;
				CLANG_WARN_OBJC_ROOT_CLASS = YES_ERROR;
				CLANG_WARN_QUOTED_INCLUDE_IN_FRAMEWORK_HEADER = YES;
				CLANG_WARN_RANGE_LOOP_ANALYSIS = YES;
				CLANG_WARN_STRICT_PROTOTYPES = YES;
				CLANG_WARN_SUSPICIOUS_MOVE = YES;
				CLANG_WARN_UNGUARDED_AVAILABILITY = YES_AGGRESSIVE;
				CLANG_WARN_UNREACHABLE_CODE = YES;
				CLANG_WARN__DUPLICATE_METHOD_MATCH = YES;
				COPY_PHASE_STRIP = NO;
				DEBUG_INFORMATION_FORMAT = dwarf;
				ENABLE_STRICT_OBJC_MSGSEND = YES;
				ENABLE_TESTABILITY = YES;
				ENABLE_USER_SCRIPT_SANDBOXING = YES;
				GCC_C_LANGUAGE_STANDARD = gnu17;
				GCC_DYNAMIC_NO_PIC = NO;
				GCC_NO_COMMON_BLOCKS = YES;
				GCC_OPTIMIZATION_LEVEL = 0;
				GCC_PREPROCESSOR_DEFINITIONS = (
					"DEBUG=1",
					"$(inherited)",
				);
				GCC_WARN_64_TO_32_BIT_CONVERSION = YES;
				GCC_WARN_ABOUT_RETURN_TYPE = YES_ERROR;
				GCC_WARN_UNDECLARED_SELECTOR = YES;
				GCC_WARN_UNINITIALIZED_AUTOS = YES_AGGRESSIVE;
				GCC_WARN_UNUSED_FUNCTION = YES;
				GCC_WARN_UNUSED_VARIABLE = YES;
				IPHONEOS_DEPLOYMENT_TARGET = 17.5;
				LOCALIZATION_PREFERS_STRING_CATALOGS = YES;
				MTL_ENABLE_DEBUG_INFO = INCLUDE_SOURCE;
				MTL_FAST_MATH = YES;
				ONLY_ACTIVE_ARCH = YES;
				SDKROOT = iphoneos;
				SWIFT_ACTIVE_COMPILATION_CONDITIONS = "DEBUG $(inherited)";
				SWIFT_OPTIMIZATION_LEVEL = "-Onone";
			};
			name = Debug;
		};
		05582DE82C175BC400E2C6A4 /* Release */ = {
			isa = XCBuildConfiguration;
			buildSettings = {
				ALWAYS_SEARCH_USER_PATHS = NO;
				ASSETCATALOG_COMPILER_GENERATE_SWIFT_ASSET_SYMBOL_EXTENSIONS = YES;
				CLANG_ANALYZER_NONNULL = YES;
				CLANG_ANALYZER_NUMBER_OBJECT_CONVERSION = YES_AGGRESSIVE;
				CLANG_CXX_LANGUAGE_STANDARD = "gnu++20";
				CLANG_ENABLE_MODULES = YES;
				CLANG_ENABLE_OBJC_ARC = YES;
				CLANG_ENABLE_OBJC_WEAK = YES;
				CLANG_WARN_BLOCK_CAPTURE_AUTORELEASING = YES;
				CLANG_WARN_BOOL_CONVERSION = YES;
				CLANG_WARN_COMMA = YES;
				CLANG_WARN_CONSTANT_CONVERSION = YES;
				CLANG_WARN_DEPRECATED_OBJC_IMPLEMENTATIONS = YES;
				CLANG_WARN_DIRECT_OBJC_ISA_USAGE = YES_ERROR;
				CLANG_WARN_DOCUMENTATION_COMMENTS = YES;
				CLANG_WARN_EMPTY_BODY = YES;
				CLANG_WARN_ENUM_CONVERSION = YES;
				CLANG_WARN_INFINITE_RECURSION = YES;
				CLANG_WARN_INT_CONVERSION = YES;
				CLANG_WARN_NON_LITERAL_NULL_CONVERSION = YES;
				CLANG_WARN_OBJC_IMPLICIT_RETAIN_SELF = YES;
				CLANG_WARN_OBJC_LITERAL_CONVERSION = YES;
				CLANG_WARN_OBJC_ROOT_CLASS = YES_ERROR;
				CLANG_WARN_QUOTED_INCLUDE_IN_FRAMEWORK_HEADER = YES;
				CLANG_WARN_RANGE_LOOP_ANALYSIS = YES;
				CLANG_WARN_STRICT_PROTOTYPES = YES;
				CLANG_WARN_SUSPICIOUS_MOVE = YES;
				CLANG_WARN_UNGUARDED_AVAILABILITY = YES_AGGRESSIVE;
				CLANG_WARN_UNREACHABLE_CODE = YES;
				CLANG_WARN__DUPLICATE_METHOD_MATCH = YES;
				COPY_PHASE_STRIP = NO;
				DEBUG_INFORMATION_FORMAT = "dwarf-with-dsym";
				ENABLE_NS_ASSERTIONS = NO;
				ENABLE_STRICT_OBJC_MSGSEND = YES;
				ENABLE_USER_SCRIPT_SANDBOXING = YES;
				GCC_C_LANGUAGE_STANDARD = gnu17;
				GCC_NO_COMMON_BLOCKS = YES;
				GCC_WARN_64_TO_32_BIT_CONVERSION = YES;
				GCC_WARN_ABOUT_RETURN_TYPE = YES_ERROR;
				GCC_WARN_UNDECLARED_SELECTOR = YES;
				GCC_WARN_UNINITIALIZED_AUTOS = YES_AGGRESSIVE;
				GCC_WARN_UNUSED_FUNCTION = YES;
				GCC_WARN_UNUSED_VARIABLE = YES;
				IPHONEOS_DEPLOYMENT_TARGET = 17.5;
				LOCALIZATION_PREFERS_STRING_CATALOGS = YES;
				MTL_ENABLE_DEBUG_INFO = NO;
				MTL_FAST_MATH = YES;
				SDKROOT = iphoneos;
				SWIFT_COMPILATION_MODE = wholemodule;
				VALIDATE_PRODUCT = YES;
			};
			name = Release;
		};
		05582DEA2C175BC400E2C6A4 /* Debug */ = {
			isa = XCBuildConfiguration;
			buildSettings = {
				ASSETCATALOG_COMPILER_APPICON_NAME = AppIcon;
				ASSETCATALOG_COMPILER_GLOBAL_ACCENT_COLOR_NAME = AccentColor;
				CODE_SIGN_STYLE = Automatic;
				CURRENT_PROJECT_VERSION = 1;
				DEVELOPMENT_ASSET_PATHS = "\"CursoIOS/Preview Content\"";
				DEVELOPMENT_TEAM = XAGVH867K3;
				ENABLE_PREVIEWS = YES;
				GENERATE_INFOPLIST_FILE = YES;
				INFOPLIST_KEY_UIApplicationSceneManifest_Generation = YES;
				INFOPLIST_KEY_UIApplicationSupportsIndirectInputEvents = YES;
				INFOPLIST_KEY_UILaunchScreen_Generation = YES;
				INFOPLIST_KEY_UISupportedInterfaceOrientations_iPad = "UIInterfaceOrientationPortrait UIInterfaceOrientationPortraitUpsideDown UIInterfaceOrientationLandscapeLeft UIInterfaceOrientationLandscapeRight";
				INFOPLIST_KEY_UISupportedInterfaceOrientations_iPhone = "UIInterfaceOrientationPortrait UIInterfaceOrientationLandscapeLeft UIInterfaceOrientationLandscapeRight";
				LD_RUNPATH_SEARCH_PATHS = (
					"$(inherited)",
					"@executable_path/Frameworks",
				);
				MARKETING_VERSION = 1.0;
				PRODUCT_BUNDLE_IDENTIFIER = com.aireadevelopments.CursoIOS;
				PRODUCT_NAME = "$(TARGET_NAME)";
				SWIFT_EMIT_LOC_STRINGS = YES;
				SWIFT_VERSION = 5.0;
				TARGETED_DEVICE_FAMILY = "1,2";
			};
			name = Debug;
		};
		05582DEB2C175BC400E2C6A4 /* Release */ = {
			isa = XCBuildConfiguration;
			buildSettings = {
				ASSETCATALOG_COMPILER_APPICON_NAME = AppIcon;
				ASSETCATALOG_COMPILER_GLOBAL_ACCENT_COLOR_NAME = AccentColor;
				CODE_SIGN_STYLE = Automatic;
				CURRENT_PROJECT_VERSION = 1;
				DEVELOPMENT_ASSET_PATHS = "\"CursoIOS/Preview Content\"";
				DEVELOPMENT_TEAM = XAGVH867K3;
				ENABLE_PREVIEWS = YES;
				GENERATE_INFOPLIST_FILE = YES;
				INFOPLIST_KEY_UIApplicationSceneManifest_Generation = YES;
				INFOPLIST_KEY_UIApplicationSupportsIndirectInputEvents = YES;
				INFOPLIST_KEY_UILaunchScreen_Generation = YES;
				INFOPLIST_KEY_UISupportedInterfaceOrientations_iPad = "UIInterfaceOrientationPortrait UIInterfaceOrientationPortraitUpsideDown UIInterfaceOrientationLandscapeLeft UIInterfaceOrientationLandscapeRight";
				INFOPLIST_KEY_UISupportedInterfaceOrientations_iPhone = "UIInterfaceOrientationPortrait UIInterfaceOrientationLandscapeLeft UIInterfaceOrientationLandscapeRight";
				LD_RUNPATH_SEARCH_PATHS = (
					"$(inherited)",
					"@executable_path/Frameworks",
				);
				MARKETING_VERSION = 1.0;
				PRODUCT_BUNDLE_IDENTIFIER = com.aireadevelopments.CursoIOS;
				PRODUCT_NAME = "$(TARGET_NAME)";
				SWIFT_EMIT_LOC_STRINGS = YES;
				SWIFT_VERSION = 5.0;
				TARGETED_DEVICE_FAMILY = "1,2";
			};
			name = Release;
		};
/* End XCBuildConfiguration section */

/* Begin XCConfigurationList section */
		05582DD62C175BB900E2C6A4 /* Build configuration list for PBXProject "CursoIOS" */ = {
			isa = XCConfigurationList;
			buildConfigurations = (
				05582DE72C175BC400E2C6A4 /* Debug */,
				05582DE82C175BC400E2C6A4 /* Release */,
			);
			defaultConfigurationIsVisible = 0;
			defaultConfigurationName = Release;
		};
		05582DE92C175BC400E2C6A4 /* Build configuration list for PBXNativeTarget "CursoIOS" */ = {
			isa = XCConfigurationList;
			buildConfigurations = (
				05582DEA2C175BC400E2C6A4 /* Debug */,
				05582DEB2C175BC400E2C6A4 /* Release */,
			);
			defaultConfigurationIsVisible = 0;
			defaultConfigurationName = Release;
		};
/* End XCConfigurationList section */

/* Begin XCRemoteSwiftPackageReference section */
		05A45EFE2C1AFDA0005FD606 /* XCRemoteSwiftPackageReference "SDWebImageSwiftUI" */ = {
			isa = XCRemoteSwiftPackageReference;
			repositoryURL = "https://github.com/SDWebImage/SDWebImageSwiftUI";
			requirement = {
				kind = upToNextMajorVersion;
				minimumVersion = 3.0.4;
			};
		};
/* End XCRemoteSwiftPackageReference section */

/* Begin XCSwiftPackageProductDependency section */
		05A45EFF2C1AFDA0005FD606 /* SDWebImageSwiftUI */ = {
			isa = XCSwiftPackageProductDependency;
			package = 05A45EFE2C1AFDA0005FD606 /* XCRemoteSwiftPackageReference "SDWebImageSwiftUI" */;
			productName = SDWebImageSwiftUI;
		};
/* End XCSwiftPackageProductDependency section */
	};
	rootObject = 05582DD32C175BB900E2C6A4 /* Project object */;
}
